
Microsoft Visual Studio Solution File, Format Version 12.00
# Visual Studio 2013
VisualStudioVersion = 12.0.21005.1
MinimumVisualStudioVersion = 10.0.40219.1
Project("{FAE04EC0-301F-11D3-BF4B-00C04F79EFBC}") = "MultiWindowsExplorer", "MultiWindowsExplorer\MultiWindowsExplorer.csproj", "{0C183AD3-12E0-4A34-87C3-F3B4C85C1C3A}"
EndProject
Project("{FAE04EC0-301F-11D3-BF4B-00C04F79EFBC}") = "AppSettings.Test", "AppSettings.Test\AppSettings.Test.csproj", "{438695E1-51EC-44CF-9918-F34733850254}"
EndProject
Project("{54435603-DBB4-11D2-8724-00A0C9A8B90C}") = "MultiWindowsExplorerSetup", "MultiWindowsExplorerSetup\MultiWindowsExplorerSetup.vdproj", "{2F400814-08BD-41CB-8505-74482E188C10}"
EndProject
Global
	GlobalSection(SolutionConfigurationPlatforms) = preSolution
		Debug|Any CPU = Debug|Any CPU
		Release|Any CPU = Release|Any CPU
	EndGlobalSection
	GlobalSection(ProjectConfigurationPlatforms) = postSolution
		{0C183AD3-12E0-4A34-87C3-F3B4C85C1C3A}.Debug|Any CPU.ActiveCfg = Debug|Any CPU
		{0C183AD3-12E0-4A34-87C3-F3B4C85C1C3A}.Debug|Any CPU.Build.0 = Debug|Any CPU
		{0C183AD3-12E0-4A34-87C3-F3B4C85C1C3A}.Release|Any CPU.ActiveCfg = Release|Any CPU
		{0C183AD3-12E0-4A34-87C3-F3B4C85C1C3A}.Release|Any CPU.Build.0 = Release|Any CPU
		{438695E1-51EC-44CF-9918-F34733850254}.Debug|Any CPU.ActiveCfg = Debug|Any CPU
		{438695E1-51EC-44CF-9918-F34733850254}.Debug|Any CPU.Build.0 = Debug|Any CPU
		{438695E1-51EC-44CF-9918-F34733850254}.Release|Any CPU.ActiveCfg = Release|Any CPU
		{438695E1-51EC-44CF-9918-F34733850254}.Release|Any CPU.Build.0 = Release|Any CPU
		{2F400814-08BD-41CB-8505-74482E188C10}.Debug|Any CPU.ActiveCfg = Debug
		{2F400814-08BD-41CB-8505-74482E188C10}.Release|Any CPU.ActiveCfg = Release
		{2F400814-08BD-41CB-8505-74482E188C10}.Release|Any CPU.Build.0 = Release
	EndGlobalSection
	GlobalSection(SolutionProperties) = preSolution
		HideSolutionNode = FALSE
	EndGlobalSection
EndGlobal
